PODS:
  - BMKLocationKit (1.8.5)
  - Flutter (1.0.0)
  - flutter_baidu_plugin_ducafecat (0.0.1):
    - BMKLocationKit
    - Flutter
  - "permission_handler (5.0.1+1)":
    - Flutter

DEPENDENCIES:
  - Flutter (from `Flutter`)
  - flutter_baidu_plugin_ducafecat (from `.symlinks/plugins/flutter_baidu_plugin_ducafecat/ios`)
  - permission_handler (from `.symlinks/plugins/permission_handler/ios`)

SPEC REPOS:
  trunk:
    - BMKLocationKit

EXTERNAL SOURCES:
  Flutter:
    :path: Flutter
  flutter_baidu_plugin_ducafecat:
    :path: ".symlinks/plugins/flutter_baidu_plugin_ducafecat/ios"
  permission_handler:
    :path: ".symlinks/plugins/permission_handler/ios"

SPEC CHECKSUMS:
  BMKLocationKit: fd3d6b4a9a3a1a2763819f56b780bda5fc5b8726
  Flutter: 0e3d915762c693b495b44d77113d4970485de6ec
  flutter_baidu_plugin_ducafecat: 7f40e915929cde4c3e8fbafc2b6eaa1c53b10b94
  permission_handler: eac8e15b4a1a3fba55b761d19f3f4e6b005d15b6

PODFILE CHECKSUM: 8e679eca47255a8ca8067c4c67aab20e64cb974d

COCOAPODS: 1.9.3
